
Microsoft Visual Studio Solution File, Format Version 12.00
# Visual Studio Version 17
VisualStudioVersion = 17.12.35707.178 d17.12
MinimumVisualStudioVersion = 10.0.40219.1
Project("{F184B08F-C81C-45F6-A57F-5ABD9991F28F}") = "PointLib", "PointLib\PointLib.vbproj", "{ED7F0079-6C93-4E0C-AEC6-C9433E7D9D24}"
EndProject
Project("{FAE04EC0-301F-11D3-BF4B-00C04F79EFBC}") = "FormsApp", "FormsApp\FormsApp.csproj", "{A777674A-FEB4-4F00-B3C9-2453080CDA48}"
EndProject
Global
	GlobalSection(SolutionConfigurationPlatforms) = preSolution
		Debug|Any CPU = Debug|Any CPU
		Release|Any CPU = Release|Any CPU
	EndGlobalSection
	GlobalSection(ProjectConfigurationPlatforms) = postSolution
		{ED7F0079-6C93-4E0C-AEC6-C9433E7D9D24}.Debug|Any CPU.ActiveCfg = Debug|Any CPU
		{ED7F0079-6C93-4E0C-AEC6-C9433E7D9D24}.Debug|Any CPU.Build.0 = Debug|Any CPU
		{ED7F0079-6C93-4E0C-AEC6-C9433E7D9D24}.Release|Any CPU.ActiveCfg = Release|Any CPU
		{ED7F0079-6C93-4E0C-AEC6-C9433E7D9D24}.Release|Any CPU.Build.0 = Release|Any CPU
		{A777674A-FEB4-4F00-B3C9-2453080CDA48}.Debug|Any CPU.ActiveCfg = Debug|Any CPU
		{A777674A-FEB4-4F00-B3C9-2453080CDA48}.Debug|Any CPU.Build.0 = Debug|Any CPU
		{A777674A-FEB4-4F00-B3C9-2453080CDA48}.Release|Any CPU.ActiveCfg = Release|Any CPU
		{A777674A-FEB4-4F00-B3C9-2453080CDA48}.Release|Any CPU.Build.0 = Release|Any CPU
	EndGlobalSection
	GlobalSection(SolutionProperties) = preSolution
		HideSolutionNode = FALSE
	EndGlobalSection
EndGlobal
